
Microsoft Visual Studio Solution File, Format Version 12.00
# Visual Studio Version 16
VisualStudioVersion = 16.0.28902.138
MinimumVisualStudioVersion = 10.0.40219.1
Project("{2150E333-8FDC-42A3-9474-1A3956D46DE8}") = "src", "src", "{0089FEB7-B607-4217-B76F-D4C284A680C6}"
EndProject
Project("{9A19103F-16F7-4668-BE54-9A1E7A4F7556}") = "Spendix.Web", "src\Spendix.Web\Spendix.Web.csproj", "{A5875520-D8FA-4B8D-AE7E-86E3C43D9EBA}"
EndProject
Project("{FAE04EC0-301F-11D3-BF4B-00C04F79EFBC}") = "Spendix.Core", "src\Spendix.Core\Spendix.Core.csproj", "{AE3FD282-C05C-49AD-B48B-BB5310C49516}"
EndProject
Global
	GlobalSection(SolutionConfigurationPlatforms) = preSolution
		Debug|Any CPU = Debug|Any CPU
		Release|Any CPU = Release|Any CPU
	EndGlobalSection
	GlobalSection(ProjectConfigurationPlatforms) = postSolution
		{A5875520-D8FA-4B8D-AE7E-86E3C43D9EBA}.Debug|Any CPU.ActiveCfg = Debug|Any CPU
		{A5875520-D8FA-4B8D-AE7E-86E3C43D9EBA}.Debug|Any CPU.Build.0 = Debug|Any CPU
		{A5875520-D8FA-4B8D-AE7E-86E3C43D9EBA}.Release|Any CPU.ActiveCfg = Release|Any CPU
		{A5875520-D8FA-4B8D-AE7E-86E3C43D9EBA}.Release|Any CPU.Build.0 = Release|Any CPU
		{AE3FD282-C05C-49AD-B48B-BB5310C49516}.Debug|Any CPU.ActiveCfg = Debug|Any CPU
		{AE3FD282-C05C-49AD-B48B-BB5310C49516}.Debug|Any CPU.Build.0 = Debug|Any CPU
		{AE3FD282-C05C-49AD-B48B-BB5310C49516}.Release|Any CPU.ActiveCfg = Release|Any CPU
		{AE3FD282-C05C-49AD-B48B-BB5310C49516}.Release|Any CPU.Build.0 = Release|Any CPU
	EndGlobalSection
	GlobalSection(SolutionProperties) = preSolution
		HideSolutionNode = FALSE
	EndGlobalSection
	GlobalSection(NestedProjects) = preSolution
		{A5875520-D8FA-4B8D-AE7E-86E3C43D9EBA} = {0089FEB7-B607-4217-B76F-D4C284A680C6}
		{AE3FD282-C05C-49AD-B48B-BB5310C49516} = {0089FEB7-B607-4217-B76F-D4C284A680C6}
	EndGlobalSection
	GlobalSection(ExtensibilityGlobals) = postSolution
		SolutionGuid = {9711C361-2A4C-46A4-BD62-A9A4763ED3B7}
	EndGlobalSection
EndGlobal
